
Microsoft Visual Studio Solution File, Format Version 12.00
# Visual Studio 15
VisualStudioVersion = 15.0.28010.2036
MinimumVisualStudioVersion = 10.0.40219.1
Project("{FAE04EC0-301F-11D3-BF4B-00C04F79EFBC}") = "SoccetsWithDBClient", "SoccetsWithDBClient\SoccetsWithDBClient.csproj", "{98411F1C-C2E4-466E-A922-105AF7A69A0F}"
EndProject
Global
	GlobalSection(SolutionConfigurationPlatforms) = preSolution
		Debug|Any CPU = Debug|Any CPU
		Release|Any CPU = Release|Any CPU
	EndGlobalSection
	GlobalSection(ProjectConfigurationPlatforms) = postSolution
		{98411F1C-C2E4-466E-A922-105AF7A69A0F}.Debug|Any CPU.ActiveCfg = Debug|Any CPU
		{98411F1C-C2E4-466E-A922-105AF7A69A0F}.Debug|Any CPU.Build.0 = Debug|Any CPU
		{98411F1C-C2E4-466E-A922-105AF7A69A0F}.Release|Any CPU.ActiveCfg = Release|Any CPU
		{98411F1C-C2E4-466E-A922-105AF7A69A0F}.Release|Any CPU.Build.0 = Release|Any CPU
	EndGlobalSection
	GlobalSection(SolutionProperties) = preSolution
		HideSolutionNode = FALSE
	EndGlobalSection
	GlobalSection(ExtensibilityGlobals) = postSolution
		SolutionGuid = {BBBF21B7-78FB-4CD6-9C4A-D24421A3C268}
	EndGlobalSection
EndGlobal
